
Microsoft Visual Studio Solution File, Format Version 12.00
# Visual Studio Version 16
VisualStudioVersion = 16.0.31424.327
MinimumVisualStudioVersion = 10.0.40219.1
Project("{FAE04EC0-301F-11D3-BF4B-00C04F79EFBC}") = "Exercicio0", "Exercicio1\Exercicio0.csproj", "{6E6C3E01-2E7C-41C3-91B2-842A6863244B}"
EndProject
Project("{FAE04EC0-301F-11D3-BF4B-00C04F79EFBC}") = "Exercicio1", "Exercicio2\Exercicio1.csproj", "{0013015E-D0B3-4E47-B7F0-F2807B18A3AF}"
EndProject
Global
	GlobalSection(SolutionConfigurationPlatforms) = preSolution
		Debug|Any CPU = Debug|Any CPU
		Release|Any CPU = Release|Any CPU
	EndGlobalSection
	GlobalSection(ProjectConfigurationPlatforms) = postSolution
		{6E6C3E01-2E7C-41C3-91B2-842A6863244B}.Debug|Any CPU.ActiveCfg = Debug|Any CPU
		{6E6C3E01-2E7C-41C3-91B2-842A6863244B}.Debug|Any CPU.Build.0 = Debug|Any CPU
		{6E6C3E01-2E7C-41C3-91B2-842A6863244B}.Release|Any CPU.ActiveCfg = Release|Any CPU
		{6E6C3E01-2E7C-41C3-91B2-842A6863244B}.Release|Any CPU.Build.0 = Release|Any CPU
		{0013015E-D0B3-4E47-B7F0-F2807B18A3AF}.Debug|Any CPU.ActiveCfg = Debug|Any CPU
		{0013015E-D0B3-4E47-B7F0-F2807B18A3AF}.Debug|Any CPU.Build.0 = Debug|Any CPU
		{0013015E-D0B3-4E47-B7F0-F2807B18A3AF}.Release|Any CPU.ActiveCfg = Release|Any CPU
		{0013015E-D0B3-4E47-B7F0-F2807B18A3AF}.Release|Any CPU.Build.0 = Release|Any CPU
	EndGlobalSection
	GlobalSection(SolutionProperties) = preSolution
		HideSolutionNode = FALSE
	EndGlobalSection
	GlobalSection(ExtensibilityGlobals) = postSolution
		SolutionGuid = {58DDED52-6735-47BF-A846-48385E7BC1C1}
	EndGlobalSection
EndGlobal
